// !$*UTF8*$!
{
	archiveVersion = 1;
	classes = {
	};
	objectVersion = 55;
	objects = {

/* Begin PBXBuildFile section */
		5A347CFF27234324002BD16C /* AppDelegate.swift in Sources */ = {isa = PBXBuildFile; fileRef = 5A347CFE27234324002BD16C /* AppDelegate.swift */; };
		5A347D0127234324002BD16C /* SceneDelegate.swift in Sources */ = {isa = PBXBuildFile; fileRef = 5A347D0027234324002BD16C /* SceneDelegate.swift */; };
		5A347D0327234324002BD16C /* ViewController.swift in Sources */ = {isa = PBXBuildFile; fileRef = 5A347D0227234324002BD16C /* ViewController.swift */; };
		5A347D0927234324002BD16C /* TodoApp.xcdatamodeld in Sources */ = {isa = PBXBuildFile; fileRef = 5A347D0727234324002BD16C /* TodoApp.xcdatamodeld */; };
		5A347D0B27234325002BD16C /* Assets.xcassets in Resources */ = {isa = PBXBuildFile; fileRef = 5A347D0A27234325002BD16C /* Assets.xcassets */; };
		5A347D0E27234325002BD16C /* LaunchScreen.storyboard in Resources */ = {isa = PBXBuildFile; fileRef = 5A347D0C27234325002BD16C /* LaunchScreen.storyboard */; };
		5A347D1F27234478002BD16C /* AppContainer.swift in Sources */ = {isa = PBXBuildFile; fileRef = 5A347D1E27234478002BD16C /* AppContainer.swift */; };
		5A347D2127234486002BD16C /* AppRouter.swift in Sources */ = {isa = PBXBuildFile; fileRef = 5A347D2027234486002BD16C /* AppRouter.swift */; };
		5A347D242723E1D1002BD16C /* TodoListBuilder.swift in Sources */ = {isa = PBXBuildFile; fileRef = 5A347D232723E1D1002BD16C /* TodoListBuilder.swift */; };
		5A347D262723E38D002BD16C /* TodoList.storyboard in Resources */ = {isa = PBXBuildFile; fileRef = 5A347D252723E38D002BD16C /* TodoList.storyboard */; };
		5A347D282723E7EE002BD16C /* TodoListViewController.swift in Sources */ = {isa = PBXBuildFile; fileRef = 5A347D272723E7EE002BD16C /* TodoListViewController.swift */; };
		5A347D2A2723F4E4002BD16C /* TodoListContracts.swift in Sources */ = {isa = PBXBuildFile; fileRef = 5A347D292723F4E4002BD16C /* TodoListContracts.swift */; };
		5A347D2C2723F4FC002BD16C /* TodoListInteractor.swift in Sources */ = {isa = PBXBuildFile; fileRef = 5A347D2B2723F4FC002BD16C /* TodoListInteractor.swift */; };
		5A347D2E2723F517002BD16C /* TodoListPresenter.swift in Sources */ = {isa = PBXBuildFile; fileRef = 5A347D2D2723F517002BD16C /* TodoListPresenter.swift */; };
		5A347D302723F528002BD16C /* TodoListRouter.swift in Sources */ = {isa = PBXBuildFile; fileRef = 5A347D2F2723F528002BD16C /* TodoListRouter.swift */; };
		5A347D332723F993002BD16C /* TodoPresentation.swift in Sources */ = {isa = PBXBuildFile; fileRef = 5A347D322723F993002BD16C /* TodoPresentation.swift */; };
		5A347D352723F9BC002BD16C /* TodoDetailPresentation.swift in Sources */ = {isa = PBXBuildFile; fileRef = 5A347D342723F9BC002BD16C /* TodoDetailPresentation.swift */; };
/* End PBXBuildFile section */

/* Begin PBXFileReference section */
		5A347CFB27234324002BD16C /* TodoApp.app */ = {isa = PBXFileReference; explicitFileType = wrapper.application; includeInIndex = 0; path = TodoApp.app; sourceTree = BUILT_PRODUCTS_DIR; };
		5A347CFE27234324002BD16C /* AppDelegate.swift */ = {isa = PBXFileReference; lastKnownFileType = sourcecode.swift; path = AppDelegate.swift; sourceTree = "<group>"; };
		5A347D0027234324002BD16C /* SceneDelegate.swift */ = {isa = PBXFileReference; lastKnownFileType = sourcecode.swift; path = SceneDelegate.swift; sourceTree = "<group>"; };
		5A347D0227234324002BD16C /* ViewController.swift */ = {isa = PBXFileReference; lastKnownFileType = sourcecode.swift; path = ViewController.swift; sourceTree = "<group>"; };
		5A347D0827234324002BD16C /* TodoApp.xcdatamodel */ = {isa = PBXFileReference; lastKnownFileType = wrapper.xcdatamodel; path = TodoApp.xcdatamodel; sourceTree = "<group>"; };
		5A347D0A27234325002BD16C /* Assets.xcassets */ = {isa = PBXFileReference; lastKnownFileType = folder.assetcatalog; path = Assets.xcassets; sourceTree = "<group>"; };
		5A347D0D27234325002BD16C /* Base */ = {isa = PBXFileReference; lastKnownFileType = file.storyboard; name = Base; path = Base.lproj/LaunchScreen.storyboard; sourceTree = "<group>"; };
		5A347D0F27234325002BD16C /* Info.plist */ = {isa = PBXFileReference; lastKnownFileType = text.plist.xml; path = Info.plist; sourceTree = "<group>"; };
		5A347D1E27234478002BD16C /* AppContainer.swift */ = {isa = PBXFileReference; lastKnownFileType = sourcecode.swift; path = AppContainer.swift; sourceTree = "<group>"; };
		5A347D2027234486002BD16C /* AppRouter.swift */ = {isa = PBXFileReference; lastKnownFileType = sourcecode.swift; path = AppRouter.swift; sourceTree = "<group>"; };
		5A347D232723E1D1002BD16C /* TodoListBuilder.swift */ = {isa = PBXFileReference; lastKnownFileType = sourcecode.swift; path = TodoListBuilder.swift; sourceTree = "<group>"; };
		5A347D252723E38D002BD16C /* TodoList.storyboard */ = {isa = PBXFileReference; lastKnownFileType = file.storyboard; path = TodoList.storyboard; sourceTree = "<group>"; };
		5A347D272723E7EE002BD16C /* TodoListViewController.swift */ = {isa = PBXFileReference; lastKnownFileType = sourcecode.swift; path = TodoListViewController.swift; sourceTree = "<group>"; };
		5A347D292723F4E4002BD16C /* TodoListContracts.swift */ = {isa = PBXFileReference; lastKnownFileType = sourcecode.swift; path = TodoListContracts.swift; sourceTree = "<group>"; };
		5A347D2B2723F4FC002BD16C /* TodoListInteractor.swift */ = {isa = PBXFileReference; lastKnownFileType = sourcecode.swift; path = TodoListInteractor.swift; sourceTree = "<group>"; };
		5A347D2D2723F517002BD16C /* TodoListPresenter.swift */ = {isa = PBXFileReference; lastKnownFileType = sourcecode.swift; path = TodoListPresenter.swift; sourceTree = "<group>"; };
		5A347D2F2723F528002BD16C /* TodoListRouter.swift */ = {isa = PBXFileReference; lastKnownFileType = sourcecode.swift; path = TodoListRouter.swift; sourceTree = "<group>"; };
		5A347D322723F993002BD16C /* TodoPresentation.swift */ = {isa = PBXFileReference; lastKnownFileType = sourcecode.swift; path = TodoPresentation.swift; sourceTree = "<group>"; };
		5A347D342723F9BC002BD16C /* TodoDetailPresentation.swift */ = {isa = PBXFileReference; lastKnownFileType = sourcecode.swift; path = TodoDetailPresentation.swift; sourceTree = "<group>"; };
/* End PBXFileReference section */

/* Begin PBXFrameworksBuildPhase section */
		5A347CF827234324002BD16C /* Frameworks */ = {
			isa = PBXFrameworksBuildPhase;
			buildActionMask = 2147483647;
			files = (
			);
			runOnlyForDeploymentPostprocessing = 0;
		};
/* End PBXFrameworksBuildPhase section */

/* Begin PBXGroup section */
		5A347CF227234324002BD16C = {
			isa = PBXGroup;
			children = (
				5A347CFD27234324002BD16C /* TodoApp */,
				5A347CFC27234324002BD16C /* Products */,
			);
			sourceTree = "<group>";
		};
		5A347CFC27234324002BD16C /* Products */ = {
			isa = PBXGroup;
			children = (
				5A347CFB27234324002BD16C /* TodoApp.app */,
			);
			name = Products;
			sourceTree = "<group>";
		};
		5A347CFD27234324002BD16C /* TodoApp */ = {
			isa = PBXGroup;
			children = (
				5A347D1B2723440C002BD16C /* Presentations */,
				5A347D1A272343EA002BD16C /* Supporting Files */,
				5A347D19272343D4002BD16C /* Resources */,
				5A347D18272343C9002BD16C /* Scenes */,
				5A347D17272343BF002BD16C /* App */,
				5A347D0227234324002BD16C /* ViewController.swift */,
			);
			path = TodoApp;
			sourceTree = "<group>";
		};
		5A347D17272343BF002BD16C /* App */ = {
			isa = PBXGroup;
			children = (
				5A347CFE27234324002BD16C /* AppDelegate.swift */,
				5A347D1E27234478002BD16C /* AppContainer.swift */,
				5A347D2027234486002BD16C /* AppRouter.swift */,
				5A347D0027234324002BD16C /* SceneDelegate.swift */,
			);
			path = App;
			sourceTree = "<group>";
		};
		5A347D18272343C9002BD16C /* Scenes */ = {
			isa = PBXGroup;
			children = (
				5A347D222723E193002BD16C /* TodoList */,
			);
			path = Scenes;
			sourceTree = "<group>";
		};
		5A347D19272343D4002BD16C /* Resources */ = {
			isa = PBXGroup;
			children = (
				5A347D0A27234325002BD16C /* Assets.xcassets */,
			);
			path = Resources;
			sourceTree = "<group>";
		};
		5A347D1A272343EA002BD16C /* Supporting Files */ = {
			isa = PBXGroup;
			children = (
				5A347D0C27234325002BD16C /* LaunchScreen.storyboard */,
				5A347D0F27234325002BD16C /* Info.plist */,
				5A347D0727234324002BD16C /* TodoApp.xcdatamodeld */,
			);
			path = "Supporting Files";
			sourceTree = "<group>";
		};
		5A347D1B2723440C002BD16C /* Presentations */ = {
			isa = PBXGroup;
			children = (
				5A347D362723F9EC002BD16C /* Extensions */,
				5A347D322723F993002BD16C /* TodoPresentation.swift */,
				5A347D342723F9BC002BD16C /* TodoDetailPresentation.swift */,
			);
			path = Presentations;
			sourceTree = "<group>";
		};
		5A347D222723E193002BD16C /* TodoList */ = {
			isa = PBXGroup;
			children = (
				5A347D252723E38D002BD16C /* TodoList.storyboard */,
				5A347D232723E1D1002BD16C /* TodoListBuilder.swift */,
				5A347D272723E7EE002BD16C /* TodoListViewController.swift */,
				5A347D292723F4E4002BD16C /* TodoListContracts.swift */,
				5A347D2B2723F4FC002BD16C /* TodoListInteractor.swift */,
				5A347D2D2723F517002BD16C /* TodoListPresenter.swift */,
				5A347D2F2723F528002BD16C /* TodoListRouter.swift */,
			);
			path = TodoList;
			sourceTree = "<group>";
		};
		5A347D362723F9EC002BD16C /* Extensions */ = {
			isa = PBXGroup;
			children = (
			);
			path = Extensions;
			sourceTree = "<group>";
		};
/* End PBXGroup section */

/* Begin PBXNativeTarget section */
		5A347CFA27234324002BD16C /* TodoApp */ = {
			isa = PBXNativeTarget;
			buildConfigurationList = 5A347D1227234325002BD16C /* Build configuration list for PBXNativeTarget "TodoApp" */;
			buildPhases = (
				5A347CF727234324002BD16C /* Sources */,
				5A347CF827234324002BD16C /* Frameworks */,
				5A347CF927234324002BD16C /* Resources */,
			);
			buildRules = (
			);
			dependencies = (
			);
			name = TodoApp;
			productName = TodoApp;
			productReference = 5A347CFB27234324002BD16C /* TodoApp.app */;
			productType = "com.apple.product-type.application";
		};
/* End PBXNativeTarget section */

/* Begin PBXProject section */
		5A347CF327234324002BD16C /* Project object */ = {
			isa = PBXProject;
			attributes = {
				BuildIndependentTargetsInParallel = 1;
				LastSwiftUpdateCheck = 1300;
				LastUpgradeCheck = 1300;
				TargetAttributes = {
					5A347CFA27234324002BD16C = {
						CreatedOnToolsVersion = 13.0;
					};
				};
			};
			buildConfigurationList = 5A347CF627234324002BD16C /* Build configuration list for PBXProject "TodoApp" */;
			compatibilityVersion = "Xcode 13.0";
			developmentRegion = en;
			hasScannedForEncodings = 0;
			knownRegions = (
				en,
				Base,
			);
			mainGroup = 5A347CF227234324002BD16C;
			productRefGroup = 5A347CFC27234324002BD16C /* Products */;
			projectDirPath = "";
			projectRoot = "";
			targets = (
				5A347CFA27234324002BD16C /* TodoApp */,
			);
		};
/* End PBXProject section */

/* Begin PBXResourcesBuildPhase section */
		5A347CF927234324002BD16C /* Resources */ = {
			isa = PBXResourcesBuildPhase;
			buildActionMask = 2147483647;
			files = (
				5A347D0E27234325002BD16C /* LaunchScreen.storyboard in Resources */,
				5A347D262723E38D002BD16C /* TodoList.storyboard in Resources */,
				5A347D0B27234325002BD16C /* Assets.xcassets in Resources */,
			);
			runOnlyForDeploymentPostprocessing = 0;
		};
/* End PBXResourcesBuildPhase section */

/* Begin PBXSourcesBuildPhase section */
		5A347CF727234324002BD16C /* Sources */ = {
			isa = PBXSourcesBuildPhase;
			buildActionMask = 2147483647;
			files = (
				5A347D332723F993002BD16C /* TodoPresentation.swift in Sources */,
				5A347D282723E7EE002BD16C /* TodoListViewController.swift in Sources */,
				5A347D0327234324002BD16C /* ViewController.swift in Sources */,
				5A347D2A2723F4E4002BD16C /* TodoListContracts.swift in Sources */,
				5A347CFF27234324002BD16C /* AppDelegate.swift in Sources */,
				5A347D0127234324002BD16C /* SceneDelegate.swift in Sources */,
				5A347D352723F9BC002BD16C /* TodoDetailPresentation.swift in Sources */,
				5A347D2E2723F517002BD16C /* TodoListPresenter.swift in Sources */,
				5A347D302723F528002BD16C /* TodoListRouter.swift in Sources */,
				5A347D2127234486002BD16C /* AppRouter.swift in Sources */,
				5A347D2C2723F4FC002BD16C /* TodoListInteractor.swift in Sources */,
				5A347D242723E1D1002BD16C /* TodoListBuilder.swift in Sources */,
				5A347D0927234324002BD16C /* TodoApp.xcdatamodeld in Sources */,
				5A347D1F27234478002BD16C /* AppContainer.swift in Sources */,
			);
			runOnlyForDeploymentPostprocessing = 0;
		};
/* End PBXSourcesBuildPhase section */

/* Begin PBXVariantGroup section */
		5A347D0C27234325002BD16C /* LaunchScreen.storyboard */ = {
			isa = PBXVariantGroup;
			children = (
				5A347D0D27234325002BD16C /* Base */,
			);
			name = LaunchScreen.storyboard;
			sourceTree = "<group>";
		};
/* End PBXVariantGroup section */

/* Begin XCBuildConfiguration section */
		5A347D1027234325002BD16C /* Debug */ = {
			isa = XCBuildConfiguration;
			buildSettings = {
				ALWAYS_SEARCH_USER_PATHS = NO;
				CLANG_ANALYZER_NONNULL = YES;
				CLANG_ANALYZER_NUMBER_OBJECT_CONVERSION = YES_AGGRESSIVE;
				CLANG_CXX_LANGUAGE_STANDARD = "gnu++17";
				CLANG_CXX_LIBRARY = "libc++";
				CLANG_ENABLE_MODULES = YES;
				CLANG_ENABLE_OBJC_ARC = YES;
				CLANG_ENABLE_OBJC_WEAK = YES;
				CLANG_WARN_BLOCK_CAPTURE_AUTORELEASING = YES;
				CLANG_WARN_BOOL_CONVERSION = YES;
				CLANG_WARN_COMMA = YES;
				CLANG_WARN_CONSTANT_CONVERSION = YES;
				CLANG_WARN_DEPRECATED_OBJC_IMPLEMENTATIONS = YES;
				CLANG_WARN_DIRECT_OBJC_ISA_USAGE = YES_ERROR;
				CLANG_WARN_DOCUMENTATION_COMMENTS = YES;
				CLANG_WARN_EMPTY_BODY = YES;
				CLANG_WARN_ENUM_CONVERSION = YES;
				CLANG_WARN_INFINITE_RECURSION = YES;
				CLANG_WARN_INT_CONVERSION = YES;
				CLANG_WARN_NON_LITERAL_NULL_CONVERSION = YES;
				CLANG_WARN_OBJC_IMPLICIT_RETAIN_SELF = YES;
				CLANG_WARN_OBJC_LITERAL_CONVERSION = YES;
				CLANG_WARN_OBJC_ROOT_CLASS = YES_ERROR;
				CLANG_WARN_QUOTED_INCLUDE_IN_FRAMEWORK_HEADER = YES;
				CLANG_WARN_RANGE_LOOP_ANALYSIS = YES;
				CLANG_WARN_STRICT_PROTOTYPES = YES;
				CLANG_WARN_SUSPICIOUS_MOVE = YES;
				CLANG_WARN_UNGUARDED_AVAILABILITY = YES_AGGRESSIVE;
				CLANG_WARN_UNREACHABLE_CODE = YES;
				CLANG_WARN__DUPLICATE_METHOD_MATCH = YES;
				COPY_PHASE_STRIP = NO;
				DEBUG_INFORMATION_FORMAT = dwarf;
				ENABLE_STRICT_OBJC_MSGSEND = YES;
				ENABLE_TESTABILITY = YES;
				GCC_C_LANGUAGE_STANDARD = gnu11;
				GCC_DYNAMIC_NO_PIC = NO;
				GCC_NO_COMMON_BLOCKS = YES;
				GCC_OPTIMIZATION_LEVEL = 0;
				GCC_PREPROCESSOR_DEFINITIONS = (
					"DEBUG=1",
					"$(inherited)",
				);
				GCC_WARN_64_TO_32_BIT_CONVERSION = YES;
				GCC_WARN_ABOUT_RETURN_TYPE = YES_ERROR;
				GCC_WARN_UNDECLARED_SELECTOR = YES;
				GCC_WARN_UNINITIALIZED_AUTOS = YES_AGGRESSIVE;
				GCC_WARN_UNUSED_FUNCTION = YES;
				GCC_WARN_UNUSED_VARIABLE = YES;
				IPHONEOS_DEPLOYMENT_TARGET = 15.0;
				MTL_ENABLE_DEBUG_INFO = INCLUDE_SOURCE;
				MTL_FAST_MATH = YES;
				ONLY_ACTIVE_ARCH = YES;
				SDKROOT = iphoneos;
				SWIFT_ACTIVE_COMPILATION_CONDITIONS = DEBUG;
				SWIFT_OPTIMIZATION_LEVEL = "-Onone";
			};
			name = Debug;
		};
		5A347D1127234325002BD16C /* Release */ = {
			isa = XCBuildConfiguration;
			buildSettings = {
				ALWAYS_SEARCH_USER_PATHS = NO;
				CLANG_ANALYZER_NONNULL = YES;
				CLANG_ANALYZER_NUMBER_OBJECT_CONVERSION = YES_AGGRESSIVE;
				CLANG_CXX_LANGUAGE_STANDARD = "gnu++17";
				CLANG_CXX_LIBRARY = "libc++";
				CLANG_ENABLE_MODULES = YES;
				CLANG_ENABLE_OBJC_ARC = YES;
				CLANG_ENABLE_OBJC_WEAK = YES;
				CLANG_WARN_BLOCK_CAPTURE_AUTORELEASING = YES;
				CLANG_WARN_BOOL_CONVERSION = YES;
				CLANG_WARN_COMMA = YES;
				CLANG_WARN_CONSTANT_CONVERSION = YES;
				CLANG_WARN_DEPRECATED_OBJC_IMPLEMENTATIONS = YES;
				CLANG_WARN_DIRECT_OBJC_ISA_USAGE = YES_ERROR;
				CLANG_WARN_DOCUMENTATION_COMMENTS = YES;
				CLANG_WARN_EMPTY_BODY = YES;
				CLANG_WARN_ENUM_CONVERSION = YES;
				CLANG_WARN_INFINITE_RECURSION = YES;
				CLANG_WARN_INT_CONVERSION = YES;
				CLANG_WARN_NON_LITERAL_NULL_CONVERSION = YES;
				CLANG_WARN_OBJC_IMPLICIT_RETAIN_SELF = YES;
				CLANG_WARN_OBJC_LITERAL_CONVERSION = YES;
				CLANG_WARN_OBJC_ROOT_CLASS = YES_ERROR;
				CLANG_WARN_QUOTED_INCLUDE_IN_FRAMEWORK_HEADER = YES;
				CLANG_WARN_RANGE_LOOP_ANALYSIS = YES;
				CLANG_WARN_STRICT_PROTOTYPES = YES;
				CLANG_WARN_SUSPICIOUS_MOVE = YES;
				CLANG_WARN_UNGUARDED_AVAILABILITY = YES_AGGRESSIVE;
				CLANG_WARN_UNREACHABLE_CODE = YES;
				CLANG_WARN__DUPLICATE_METHOD_MATCH = YES;
				COPY_PHASE_STRIP = NO;
				DEBUG_INFORMATION_FORMAT = "dwarf-with-dsym";
				ENABLE_NS_ASSERTIONS = NO;
				ENABLE_STRICT_OBJC_MSGSEND = YES;
				GCC_C_LANGUAGE_STANDARD = gnu11;
				GCC_NO_COMMON_BLOCKS = YES;
				GCC_WARN_64_TO_32_BIT_CONVERSION = YES;
				GCC_WARN_ABOUT_RETURN_TYPE = YES_ERROR;
				GCC_WARN_UNDECLARED_SELECTOR = YES;
				GCC_WARN_UNINITIALIZED_AUTOS = YES_AGGRESSIVE;
				GCC_WARN_UNUSED_FUNCTION = YES;
				GCC_WARN_UNUSED_VARIABLE = YES;
				IPHONEOS_DEPLOYMENT_TARGET = 15.0;
				MTL_ENABLE_DEBUG_INFO = NO;
				MTL_FAST_MATH = YES;
				SDKROOT = iphoneos;
				SWIFT_COMPILATION_MODE = wholemodule;
				SWIFT_OPTIMIZATION_LEVEL = "-O";
				VALIDATE_PRODUCT = YES;
			};
			name = Release;
		};
		5A347D1327234325002BD16C /* Debug */ = {
			isa = XCBuildConfiguration;
			buildSettings = {
				ASSETCATALOG_COMPILER_APPICON_NAME = AppIcon;
				ASSETCATALOG_COMPILER_GLOBAL_ACCENT_COLOR_NAME = AccentColor;
				CODE_SIGN_STYLE = Automatic;
				CURRENT_PROJECT_VERSION = 1;
				GENERATE_INFOPLIST_FILE = YES;
				INFOPLIST_FILE = TodoApp/Info.plist;
				INFOPLIST_KEY_UIApplicationSupportsIndirectInputEvents = YES;
				INFOPLIST_KEY_UILaunchStoryboardName = LaunchScreen;
				INFOPLIST_KEY_UISupportedInterfaceOrientations_iPad = "UIInterfaceOrientationPortrait UIInterfaceOrientationPortraitUpsideDown UIInterfaceOrientationLandscapeLeft UIInterfaceOrientationLandscapeRight";
				INFOPLIST_KEY_UISupportedInterfaceOrientations_iPhone = "UIInterfaceOrientationPortrait UIInterfaceOrientationLandscapeLeft UIInterfaceOrientationLandscapeRight";
				LD_RUNPATH_SEARCH_PATHS = (
					"$(inherited)",
					"@executable_path/Frameworks",
				);
				MARKETING_VERSION = 1.0;
				PRODUCT_BUNDLE_IDENTIFIER = com.alicanyilmaz.TodoApp;
				PRODUCT_NAME = "$(TARGET_NAME)";
				SWIFT_EMIT_LOC_STRINGS = YES;
				SWIFT_VERSION = 5.0;
				TARGETED_DEVICE_FAMILY = "1,2";
			};
			name = Debug;
		};
		5A347D1427234325002BD16C /* Release */ = {
			isa = XCBuildConfiguration;
			buildSettings = {
				ASSETCATALOG_COMPILER_APPICON_NAME = AppIcon;
				ASSETCATALOG_COMPILER_GLOBAL_ACCENT_COLOR_NAME = AccentColor;
				CODE_SIGN_STYLE = Automatic;
				CURRENT_PROJECT_VERSION = 1;
				GENERATE_INFOPLIST_FILE = YES;
				INFOPLIST_FILE = TodoApp/Info.plist;
				INFOPLIST_KEY_UIApplicationSupportsIndirectInputEvents = YES;
				INFOPLIST_KEY_UILaunchStoryboardName = LaunchScreen;
				INFOPLIST_KEY_UISupportedInterfaceOrientations_iPad = "UIInterfaceOrientationPortrait UIInterfaceOrientationPortraitUpsideDown UIInterfaceOrientationLandscapeLeft UIInterfaceOrientationLandscapeRight";
				INFOPLIST_KEY_UISupportedInterfaceOrientations_iPhone = "UIInterfaceOrientationPortrait UIInterfaceOrientationLandscapeLeft UIInterfaceOrientationLandscapeRight";
				LD_RUNPATH_SEARCH_PATHS = (
					"$(inherited)",
					"@executable_path/Frameworks",
				);
				MARKETING_VERSION = 1.0;
				PRODUCT_BUNDLE_IDENTIFIER = com.alicanyilmaz.TodoApp;
				PRODUCT_NAME = "$(TARGET_NAME)";
				SWIFT_EMIT_LOC_STRINGS = YES;
				SWIFT_VERSION = 5.0;
				TARGETED_DEVICE_FAMILY = "1,2";
			};
			name = Release;
		};
/* End XCBuildConfiguration section */

/* Begin XCConfigurationList section */
		5A347CF627234324002BD16C /* Build configuration list for PBXProject "TodoApp" */ = {
			isa = XCConfigurationList;
			buildConfigurations = (
				5A347D1027234325002BD16C /* Debug */,
				5A347D1127234325002BD16C /* Release */,
			);
			defaultConfigurationIsVisible = 0;
			defaultConfigurationName = Release;
		};
		5A347D1227234325002BD16C /* Build configuration list for PBXNativeTarget "TodoApp" */ = {
			isa = XCConfigurationList;
			buildConfigurations = (
				5A347D1327234325002BD16C /* Debug */,
				5A347D1427234325002BD16C /* Release */,
			);
			defaultConfigurationIsVisible = 0;
			defaultConfigurationName = Release;
		};
/* End XCConfigurationList section */

/* Begin XCVersionGroup section */
		5A347D0727234324002BD16C /* TodoApp.xcdatamodeld */ = {
			isa = XCVersionGroup;
			children = (
				5A347D0827234324002BD16C /* TodoApp.xcdatamodel */,
			);
			currentVersion = 5A347D0827234324002BD16C /* TodoApp.xcdatamodel */;
			path = TodoApp.xcdatamodeld;
			sourceTree = "<group>";
			versionGroupType = wrapper.xcdatamodel;
		};
/* End XCVersionGroup section */
	};
	rootObject = 5A347CF327234324002BD16C /* Project object */;
}
