// !$*UTF8*$!
{
	archiveVersion = 1;
	classes = {
	};
	objectVersion = 55;
	objects = {

/* Begin PBXBuildFile section */
		5A1D0874276A139D00F079BE /* study.json in Resources */ = {isa = PBXBuildFile; fileRef = 5A1D0873276A139D00F079BE /* study.json */; };
		5A347CFF27234324002BD16C /* AppDelegate.swift in Sources */ = {isa = PBXBuildFile; fileRef = 5A347CFE27234324002BD16C /* AppDelegate.swift */; };
		5A347D0127234324002BD16C /* SceneDelegate.swift in Sources */ = {isa = PBXBuildFile; fileRef = 5A347D0027234324002BD16C /* SceneDelegate.swift */; };
		5A347D0927234324002BD16C /* TodoApp.xcdatamodeld in Sources */ = {isa = PBXBuildFile; fileRef = 5A347D0727234324002BD16C /* TodoApp.xcdatamodeld */; };
		5A347D0E27234325002BD16C /* LaunchScreen.storyboard in Resources */ = {isa = PBXBuildFile; fileRef = 5A347D0C27234325002BD16C /* LaunchScreen.storyboard */; };
		5A347D1F27234478002BD16C /* AppContainer.swift in Sources */ = {isa = PBXBuildFile; fileRef = 5A347D1E27234478002BD16C /* AppContainer.swift */; };
		5A347D2127234486002BD16C /* AppRouter.swift in Sources */ = {isa = PBXBuildFile; fileRef = 5A347D2027234486002BD16C /* AppRouter.swift */; };
		5A347D242723E1D1002BD16C /* TodoListBuilder.swift in Sources */ = {isa = PBXBuildFile; fileRef = 5A347D232723E1D1002BD16C /* TodoListBuilder.swift */; };
		5A347D262723E38D002BD16C /* TodoList.storyboard in Resources */ = {isa = PBXBuildFile; fileRef = 5A347D252723E38D002BD16C /* TodoList.storyboard */; };
		5A347D282723E7EE002BD16C /* TodoListViewController.swift in Sources */ = {isa = PBXBuildFile; fileRef = 5A347D272723E7EE002BD16C /* TodoListViewController.swift */; };
		5A347D2A2723F4E4002BD16C /* TodoListContracts.swift in Sources */ = {isa = PBXBuildFile; fileRef = 5A347D292723F4E4002BD16C /* TodoListContracts.swift */; };
		5A347D2C2723F4FC002BD16C /* TodoListInteractor.swift in Sources */ = {isa = PBXBuildFile; fileRef = 5A347D2B2723F4FC002BD16C /* TodoListInteractor.swift */; };
		5A347D2E2723F517002BD16C /* TodoListPresenter.swift in Sources */ = {isa = PBXBuildFile; fileRef = 5A347D2D2723F517002BD16C /* TodoListPresenter.swift */; };
		5A347D302723F528002BD16C /* TodoListRouter.swift in Sources */ = {isa = PBXBuildFile; fileRef = 5A347D2F2723F528002BD16C /* TodoListRouter.swift */; };
		5A347D332723F993002BD16C /* TodoPresentation.swift in Sources */ = {isa = PBXBuildFile; fileRef = 5A347D322723F993002BD16C /* TodoPresentation.swift */; };
		5A347D352723F9BC002BD16C /* TodoDetailPresentation.swift in Sources */ = {isa = PBXBuildFile; fileRef = 5A347D342723F9BC002BD16C /* TodoDetailPresentation.swift */; };
		5A347D3C27241953002BD16C /* CoreDataService.swift in Sources */ = {isa = PBXBuildFile; fileRef = 5A347D3B27241953002BD16C /* CoreDataService.swift */; };
		5A347D3E27242011002BD16C /* TodoListService.swift in Sources */ = {isa = PBXBuildFile; fileRef = 5A347D3D27242011002BD16C /* TodoListService.swift */; };
		5A347D4327258400002BD16C /* TodoDetail.storyboard in Resources */ = {isa = PBXBuildFile; fileRef = 5A347D4227258400002BD16C /* TodoDetail.storyboard */; };
		5A347D452725841C002BD16C /* TodoDetailBuilder.swift in Sources */ = {isa = PBXBuildFile; fileRef = 5A347D442725841C002BD16C /* TodoDetailBuilder.swift */; };
		5A347D472725847A002BD16C /* TodoDetailContracts.swift in Sources */ = {isa = PBXBuildFile; fileRef = 5A347D462725847A002BD16C /* TodoDetailContracts.swift */; };
		5A347D49272584A7002BD16C /* TodoDetailViewController.swift in Sources */ = {isa = PBXBuildFile; fileRef = 5A347D48272584A7002BD16C /* TodoDetailViewController.swift */; };
		5A347D4B272584C9002BD16C /* TodoDetailViewModel.swift in Sources */ = {isa = PBXBuildFile; fileRef = 5A347D4A272584C9002BD16C /* TodoDetailViewModel.swift */; };
		5A347D4D2726B4AE002BD16C /* TodoDetailCell.swift in Sources */ = {isa = PBXBuildFile; fileRef = 5A347D4C2726B4AE002BD16C /* TodoDetailCell.swift */; };
		5A347D4F2726F21F002BD16C /* TodoDetailService.swift in Sources */ = {isa = PBXBuildFile; fileRef = 5A347D4E2726F21F002BD16C /* TodoDetailService.swift */; };
		5A347D5227272921002BD16C /* TodoExplanation.storyboard in Resources */ = {isa = PBXBuildFile; fileRef = 5A347D5127272921002BD16C /* TodoExplanation.storyboard */; };
		5A347D542727293A002BD16C /* TodoExplanationBuilder.swift in Sources */ = {isa = PBXBuildFile; fileRef = 5A347D532727293A002BD16C /* TodoExplanationBuilder.swift */; };
		5A347D5627272962002BD16C /* TodoExplanationContracts.swift in Sources */ = {isa = PBXBuildFile; fileRef = 5A347D5527272962002BD16C /* TodoExplanationContracts.swift */; };
		5A347D58272729A0002BD16C /* TodoExplanationViewController.swift in Sources */ = {isa = PBXBuildFile; fileRef = 5A347D57272729A0002BD16C /* TodoExplanationViewController.swift */; };
		5A347D5A272729FF002BD16C /* TodoExplanationViewModel.swift in Sources */ = {isa = PBXBuildFile; fileRef = 5A347D59272729FF002BD16C /* TodoExplanationViewModel.swift */; };
		5A347D5C27272A7C002BD16C /* TodoExplanationPresentation.swift in Sources */ = {isa = PBXBuildFile; fileRef = 5A347D5B27272A7C002BD16C /* TodoExplanationPresentation.swift */; };
		5A5C74302747DB0500AF4BA0 /* NotificationManager.swift in Sources */ = {isa = PBXBuildFile; fileRef = 5A5C742F2747DB0500AF4BA0 /* NotificationManager.swift */; };
		5A7FDEC32740020C002573EB /* UIImageExtensions.swift in Sources */ = {isa = PBXBuildFile; fileRef = 5A7FDEC22740020C002573EB /* UIImageExtensions.swift */; };
		5A7FDEC627400E29002573EB /* UImageEnums.swift in Sources */ = {isa = PBXBuildFile; fileRef = 5A7FDEC527400E29002573EB /* UImageEnums.swift */; };
		5A80787A2743F1F200926A2A /* Lottie in Frameworks */ = {isa = PBXBuildFile; productRef = 5A8078792743F1F200926A2A /* Lottie */; };
		5A80E7E72735CBF4006C623B /* ColorPalette.swift in Sources */ = {isa = PBXBuildFile; fileRef = 5A80E7E62735CBF4006C623B /* ColorPalette.swift */; };
		5A8CC734273FCAE5002D746E /* NavigationControllerExtensions.swift in Sources */ = {isa = PBXBuildFile; fileRef = 5A8CC733273FCAE5002D746E /* NavigationControllerExtensions.swift */; };
		5A8D66252742A80800311423 /* CustomExtensions.swift in Sources */ = {isa = PBXBuildFile; fileRef = 5A8D66242742A80800311423 /* CustomExtensions.swift */; };
		5A8F295A273EF66C0033BABE /* Localizable.strings in Resources */ = {isa = PBXBuildFile; fileRef = 5A8F295C273EF66C0033BABE /* Localizable.strings */; };
		5A90EBF8274136C80066C7B2 /* StringEnums.swift in Sources */ = {isa = PBXBuildFile; fileRef = 5A90EBF7274136C80066C7B2 /* StringEnums.swift */; };
		5A951DAD27340741001D587A /* BaseCustomAlertController.swift in Sources */ = {isa = PBXBuildFile; fileRef = 5A951DAC27340741001D587A /* BaseCustomAlertController.swift */; };
		5A951DB127341258001D587A /* UIColorExtensions.swift in Sources */ = {isa = PBXBuildFile; fileRef = 5A951DB027341258001D587A /* UIColorExtensions.swift */; };
		5A951DB427343924001D587A /* DateExtensions.swift in Sources */ = {isa = PBXBuildFile; fileRef = 5A951DB327343924001D587A /* DateExtensions.swift */; };
		5A9B46382746658E00EF39DA /* CoreDataEnums.swift in Sources */ = {isa = PBXBuildFile; fileRef = 5A9B46372746658E00EF39DA /* CoreDataEnums.swift */; };
		5A9D2D43275A73AF007E304E /* SnackbarView.swift in Sources */ = {isa = PBXBuildFile; fileRef = 5A9D2D42275A73AF007E304E /* SnackbarView.swift */; };
		5A9D2D45275A73BD007E304E /* SnackbarViewModel.swift in Sources */ = {isa = PBXBuildFile; fileRef = 5A9D2D44275A73BD007E304E /* SnackbarViewModel.swift */; };
		5AA653F02731609B00D4BABF /* TodoCell.swift in Sources */ = {isa = PBXBuildFile; fileRef = 5AA653EF2731609B00D4BABF /* TodoCell.swift */; };
		5AA653F22731C71800D4BABF /* CustomAlertController.swift in Sources */ = {isa = PBXBuildFile; fileRef = 5AA653F12731C71800D4BABF /* CustomAlertController.swift */; };
		5AB01AFB2760B28F00F5E2B8 /* todolist.png in Resources */ = {isa = PBXBuildFile; fileRef = 5AB01AFA2760B28F00F5E2B8 /* todolist.png */; };
		5AB01AFF2760CF0C00F5E2B8 /* Assets.xcassets in Resources */ = {isa = PBXBuildFile; fileRef = 5A347D0A27234325002BD16C /* Assets.xcassets */; };
		5AB66FE1276A38E800996CE4 /* UITextFieldExtensions.swift in Sources */ = {isa = PBXBuildFile; fileRef = 5AB66FE0276A38E800996CE4 /* UITextFieldExtensions.swift */; };
		5AB66FE3276A5CE000996CE4 /* clock.json in Resources */ = {isa = PBXBuildFile; fileRef = 5AB66FE2276A5CDF00996CE4 /* clock.json */; };
		5AB66FE7276A781500996CE4 /* time.json in Resources */ = {isa = PBXBuildFile; fileRef = 5AB66FE6276A781500996CE4 /* time.json */; };
		5AD62EA5276F26DB0014BDF6 /* CommonEnums.swift in Sources */ = {isa = PBXBuildFile; fileRef = 5AD62EA4276F26DB0014BDF6 /* CommonEnums.swift */; };
		5AD7DE932738670A004CA8AC /* RxTheme in Frameworks */ = {isa = PBXBuildFile; productRef = 5AD7DE922738670A004CA8AC /* RxTheme */; };
		5AD7DE9727387478004CA8AC /* Theme.swift in Sources */ = {isa = PBXBuildFile; fileRef = 5AD7DE9627387478004CA8AC /* Theme.swift */; };
		5ADE98B1273D406400FC8AE3 /* FloatingButton.swift in Sources */ = {isa = PBXBuildFile; fileRef = 5ADE98B0273D406400FC8AE3 /* FloatingButton.swift */; };
		5ADE98B5273D954B00FC8AE3 /* StringExtensions.swift in Sources */ = {isa = PBXBuildFile; fileRef = 5ADE98B4273D954B00FC8AE3 /* StringExtensions.swift */; };
		5AE313D62766A6EC00D0FADD /* FormValidationExtension.swift in Sources */ = {isa = PBXBuildFile; fileRef = 5AE313D52766A6EC00D0FADD /* FormValidationExtension.swift */; };
/* End PBXBuildFile section */

/* Begin PBXFileReference section */
		5A1D0873276A139D00F079BE /* study.json */ = {isa = PBXFileReference; lastKnownFileType = text.json; path = study.json; sourceTree = "<group>"; };
		5A347CFB27234324002BD16C /* TodoApp.app */ = {isa = PBXFileReference; explicitFileType = wrapper.application; includeInIndex = 0; path = TodoApp.app; sourceTree = BUILT_PRODUCTS_DIR; };
		5A347CFE27234324002BD16C /* AppDelegate.swift */ = {isa = PBXFileReference; lastKnownFileType = sourcecode.swift; path = AppDelegate.swift; sourceTree = "<group>"; };
		5A347D0027234324002BD16C /* SceneDelegate.swift */ = {isa = PBXFileReference; lastKnownFileType = sourcecode.swift; path = SceneDelegate.swift; sourceTree = "<group>"; };
		5A347D0827234324002BD16C /* TodoApp.xcdatamodel */ = {isa = PBXFileReference; lastKnownFileType = wrapper.xcdatamodel; path = TodoApp.xcdatamodel; sourceTree = "<group>"; };
		5A347D0A27234325002BD16C /* Assets.xcassets */ = {isa = PBXFileReference; lastKnownFileType = folder.assetcatalog; path = Assets.xcassets; sourceTree = "<group>"; };
		5A347D0D27234325002BD16C /* Base */ = {isa = PBXFileReference; lastKnownFileType = file.storyboard; name = Base; path = Base.lproj/LaunchScreen.storyboard; sourceTree = "<group>"; };
		5A347D0F27234325002BD16C /* Info.plist */ = {isa = PBXFileReference; lastKnownFileType = text.plist.xml; path = Info.plist; sourceTree = "<group>"; };
		5A347D1E27234478002BD16C /* AppContainer.swift */ = {isa = PBXFileReference; lastKnownFileType = sourcecode.swift; path = AppContainer.swift; sourceTree = "<group>"; };
		5A347D2027234486002BD16C /* AppRouter.swift */ = {isa = PBXFileReference; lastKnownFileType = sourcecode.swift; path = AppRouter.swift; sourceTree = "<group>"; };
		5A347D232723E1D1002BD16C /* TodoListBuilder.swift */ = {isa = PBXFileReference; lastKnownFileType = sourcecode.swift; path = TodoListBuilder.swift; sourceTree = "<group>"; };
		5A347D252723E38D002BD16C /* TodoList.storyboard */ = {isa = PBXFileReference; lastKnownFileType = file.storyboard; path = TodoList.storyboard; sourceTree = "<group>"; };
		5A347D272723E7EE002BD16C /* TodoListViewController.swift */ = {isa = PBXFileReference; lastKnownFileType = sourcecode.swift; path = TodoListViewController.swift; sourceTree = "<group>"; };
		5A347D292723F4E4002BD16C /* TodoListContracts.swift */ = {isa = PBXFileReference; lastKnownFileType = sourcecode.swift; path = TodoListContracts.swift; sourceTree = "<group>"; };
		5A347D2B2723F4FC002BD16C /* TodoListInteractor.swift */ = {isa = PBXFileReference; lastKnownFileType = sourcecode.swift; path = TodoListInteractor.swift; sourceTree = "<group>"; };
		5A347D2D2723F517002BD16C /* TodoListPresenter.swift */ = {isa = PBXFileReference; lastKnownFileType = sourcecode.swift; path = TodoListPresenter.swift; sourceTree = "<group>"; };
		5A347D2F2723F528002BD16C /* TodoListRouter.swift */ = {isa = PBXFileReference; lastKnownFileType = sourcecode.swift; path = TodoListRouter.swift; sourceTree = "<group>"; };
		5A347D322723F993002BD16C /* TodoPresentation.swift */ = {isa = PBXFileReference; lastKnownFileType = sourcecode.swift; path = TodoPresentation.swift; sourceTree = "<group>"; };
		5A347D342723F9BC002BD16C /* TodoDetailPresentation.swift */ = {isa = PBXFileReference; lastKnownFileType = sourcecode.swift; path = TodoDetailPresentation.swift; sourceTree = "<group>"; };
		5A347D3B27241953002BD16C /* CoreDataService.swift */ = {isa = PBXFileReference; lastKnownFileType = sourcecode.swift; path = CoreDataService.swift; sourceTree = "<group>"; };
		5A347D3D27242011002BD16C /* TodoListService.swift */ = {isa = PBXFileReference; lastKnownFileType = sourcecode.swift; path = TodoListService.swift; sourceTree = "<group>"; };
		5A347D4227258400002BD16C /* TodoDetail.storyboard */ = {isa = PBXFileReference; lastKnownFileType = file.storyboard; path = TodoDetail.storyboard; sourceTree = "<group>"; };
		5A347D442725841C002BD16C /* TodoDetailBuilder.swift */ = {isa = PBXFileReference; lastKnownFileType = sourcecode.swift; path = TodoDetailBuilder.swift; sourceTree = "<group>"; };
		5A347D462725847A002BD16C /* TodoDetailContracts.swift */ = {isa = PBXFileReference; lastKnownFileType = sourcecode.swift; path = TodoDetailContracts.swift; sourceTree = "<group>"; };
		5A347D48272584A7002BD16C /* TodoDetailViewController.swift */ = {isa = PBXFileReference; lastKnownFileType = sourcecode.swift; path = TodoDetailViewController.swift; sourceTree = "<group>"; };
		5A347D4A272584C9002BD16C /* TodoDetailViewModel.swift */ = {isa = PBXFileReference; lastKnownFileType = sourcecode.swift; path = TodoDetailViewModel.swift; sourceTree = "<group>"; };
		5A347D4C2726B4AE002BD16C /* TodoDetailCell.swift */ = {isa = PBXFileReference; lastKnownFileType = sourcecode.swift; path = TodoDetailCell.swift; sourceTree = "<group>"; };
		5A347D4E2726F21F002BD16C /* TodoDetailService.swift */ = {isa = PBXFileReference; lastKnownFileType = sourcecode.swift; path = TodoDetailService.swift; sourceTree = "<group>"; };
		5A347D5127272921002BD16C /* TodoExplanation.storyboard */ = {isa = PBXFileReference; lastKnownFileType = file.storyboard; path = TodoExplanation.storyboard; sourceTree = "<group>"; };
		5A347D532727293A002BD16C /* TodoExplanationBuilder.swift */ = {isa = PBXFileReference; lastKnownFileType = sourcecode.swift; path = TodoExplanationBuilder.swift; sourceTree = "<group>"; };
		5A347D5527272962002BD16C /* TodoExplanationContracts.swift */ = {isa = PBXFileReference; lastKnownFileType = sourcecode.swift; path = TodoExplanationContracts.swift; sourceTree = "<group>"; };
		5A347D57272729A0002BD16C /* TodoExplanationViewController.swift */ = {isa = PBXFileReference; lastKnownFileType = sourcecode.swift; path = TodoExplanationViewController.swift; sourceTree = "<group>"; };
		5A347D59272729FF002BD16C /* TodoExplanationViewModel.swift */ = {isa = PBXFileReference; lastKnownFileType = sourcecode.swift; path = TodoExplanationViewModel.swift; sourceTree = "<group>"; };
		5A347D5B27272A7C002BD16C /* TodoExplanationPresentation.swift */ = {isa = PBXFileReference; lastKnownFileType = sourcecode.swift; path = TodoExplanationPresentation.swift; sourceTree = "<group>"; };
		5A5C742F2747DB0500AF4BA0 /* NotificationManager.swift */ = {isa = PBXFileReference; lastKnownFileType = sourcecode.swift; path = NotificationManager.swift; sourceTree = "<group>"; };
		5A7FDEC22740020C002573EB /* UIImageExtensions.swift */ = {isa = PBXFileReference; lastKnownFileType = sourcecode.swift; path = UIImageExtensions.swift; sourceTree = "<group>"; };
		5A7FDEC527400E29002573EB /* UImageEnums.swift */ = {isa = PBXFileReference; lastKnownFileType = sourcecode.swift; path = UImageEnums.swift; sourceTree = "<group>"; };
		5A80E7E62735CBF4006C623B /* ColorPalette.swift */ = {isa = PBXFileReference; lastKnownFileType = sourcecode.swift; path = ColorPalette.swift; sourceTree = "<group>"; };
		5A8CC733273FCAE5002D746E /* NavigationControllerExtensions.swift */ = {isa = PBXFileReference; lastKnownFileType = sourcecode.swift; path = NavigationControllerExtensions.swift; sourceTree = "<group>"; };
		5A8D66242742A80800311423 /* CustomExtensions.swift */ = {isa = PBXFileReference; lastKnownFileType = sourcecode.swift; path = CustomExtensions.swift; sourceTree = "<group>"; };
		5A8F295B273EF66C0033BABE /* en */ = {isa = PBXFileReference; lastKnownFileType = text.plist.strings; name = en; path = en.lproj/Localizable.strings; sourceTree = "<group>"; };
		5A8F295D273EF6920033BABE /* tr */ = {isa = PBXFileReference; lastKnownFileType = text.plist.strings; name = tr; path = tr.lproj/Localizable.strings; sourceTree = "<group>"; };
		5A90EBF7274136C80066C7B2 /* StringEnums.swift */ = {isa = PBXFileReference; lastKnownFileType = sourcecode.swift; path = StringEnums.swift; sourceTree = "<group>"; };
		5A951DAC27340741001D587A /* BaseCustomAlertController.swift */ = {isa = PBXFileReference; lastKnownFileType = sourcecode.swift; path = BaseCustomAlertController.swift; sourceTree = "<group>"; };
		5A951DB027341258001D587A /* UIColorExtensions.swift */ = {isa = PBXFileReference; lastKnownFileType = sourcecode.swift; path = UIColorExtensions.swift; sourceTree = "<group>"; };
		5A951DB327343924001D587A /* DateExtensions.swift */ = {isa = PBXFileReference; lastKnownFileType = sourcecode.swift; path = DateExtensions.swift; sourceTree = "<group>"; };
		5A9B46372746658E00EF39DA /* CoreDataEnums.swift */ = {isa = PBXFileReference; lastKnownFileType = sourcecode.swift; path = CoreDataEnums.swift; sourceTree = "<group>"; };
		5A9D2D42275A73AF007E304E /* SnackbarView.swift */ = {isa = PBXFileReference; lastKnownFileType = sourcecode.swift; path = SnackbarView.swift; sourceTree = "<group>"; };
		5A9D2D44275A73BD007E304E /* SnackbarViewModel.swift */ = {isa = PBXFileReference; lastKnownFileType = sourcecode.swift; path = SnackbarViewModel.swift; sourceTree = "<group>"; };
		5AA653EF2731609B00D4BABF /* TodoCell.swift */ = {isa = PBXFileReference; lastKnownFileType = sourcecode.swift; path = TodoCell.swift; sourceTree = "<group>"; };
		5AA653F12731C71800D4BABF /* CustomAlertController.swift */ = {isa = PBXFileReference; lastKnownFileType = sourcecode.swift; path = CustomAlertController.swift; sourceTree = "<group>"; };
		5AB01AFA2760B28F00F5E2B8 /* todolist.png */ = {isa = PBXFileReference; lastKnownFileType = image.png; path = todolist.png; sourceTree = "<group>"; };
		5AB66FE0276A38E800996CE4 /* UITextFieldExtensions.swift */ = {isa = PBXFileReference; lastKnownFileType = sourcecode.swift; path = UITextFieldExtensions.swift; sourceTree = "<group>"; };
		5AB66FE2276A5CDF00996CE4 /* clock.json */ = {isa = PBXFileReference; fileEncoding = 4; lastKnownFileType = text.json; path = clock.json; sourceTree = "<group>"; };
		5AB66FE6276A781500996CE4 /* time.json */ = {isa = PBXFileReference; fileEncoding = 4; lastKnownFileType = text.json; path = time.json; sourceTree = "<group>"; };
		5AD62EA4276F26DB0014BDF6 /* CommonEnums.swift */ = {isa = PBXFileReference; lastKnownFileType = sourcecode.swift; path = CommonEnums.swift; sourceTree = "<group>"; };
		5AD7DE9627387478004CA8AC /* Theme.swift */ = {isa = PBXFileReference; lastKnownFileType = sourcecode.swift; path = Theme.swift; sourceTree = "<group>"; };
		5ADE98B0273D406400FC8AE3 /* FloatingButton.swift */ = {isa = PBXFileReference; lastKnownFileType = sourcecode.swift; path = FloatingButton.swift; sourceTree = "<group>"; };
		5ADE98B4273D954B00FC8AE3 /* StringExtensions.swift */ = {isa = PBXFileReference; lastKnownFileType = sourcecode.swift; path = StringExtensions.swift; sourceTree = "<group>"; };
		5AE313D52766A6EC00D0FADD /* FormValidationExtension.swift */ = {isa = PBXFileReference; lastKnownFileType = sourcecode.swift; path = FormValidationExtension.swift; sourceTree = "<group>"; };
/* End PBXFileReference section */

/* Begin PBXFrameworksBuildPhase section */
		5A347CF827234324002BD16C /* Frameworks */ = {
			isa = PBXFrameworksBuildPhase;
			buildActionMask = 2147483647;
			files = (
				5AD7DE932738670A004CA8AC /* RxTheme in Frameworks */,
				5A80787A2743F1F200926A2A /* Lottie in Frameworks */,
			);
			runOnlyForDeploymentPostprocessing = 0;
		};
/* End PBXFrameworksBuildPhase section */

/* Begin PBXGroup section */
		5A347CF227234324002BD16C = {
			isa = PBXGroup;
			children = (
				5A347CFD27234324002BD16C /* TodoApp */,
				5A347CFC27234324002BD16C /* Products */,
			);
			sourceTree = "<group>";
		};
		5A347CFC27234324002BD16C /* Products */ = {
			isa = PBXGroup;
			children = (
				5A347CFB27234324002BD16C /* TodoApp.app */,
			);
			name = Products;
			sourceTree = "<group>";
		};
		5A347CFD27234324002BD16C /* TodoApp */ = {
			isa = PBXGroup;
			children = (
				5AB66FE6276A781500996CE4 /* time.json */,
				5A9B46362746633E00EF39DA /* Services */,
				5A347D17272343BF002BD16C /* App */,
				5A347D18272343C9002BD16C /* Scenes */,
				5A347D1B2723440C002BD16C /* Presentations */,
				5A951DA9273403FE001D587A /* Core */,
				5A347D1A272343EA002BD16C /* Supporting Files */,
				5A347D19272343D4002BD16C /* Resources */,
				5AB01AFA2760B28F00F5E2B8 /* todolist.png */,
				5A8F295C273EF66C0033BABE /* Localizable.strings */,
				5A1D0873276A139D00F079BE /* study.json */,
				5AB66FE2276A5CDF00996CE4 /* clock.json */,
			);
			path = TodoApp;
			sourceTree = "<group>";
		};
		5A347D17272343BF002BD16C /* App */ = {
			isa = PBXGroup;
			children = (
				5A347CFE27234324002BD16C /* AppDelegate.swift */,
				5A347D1E27234478002BD16C /* AppContainer.swift */,
				5A347D2027234486002BD16C /* AppRouter.swift */,
				5A347D0027234324002BD16C /* SceneDelegate.swift */,
			);
			path = App;
			sourceTree = "<group>";
		};
		5A347D18272343C9002BD16C /* Scenes */ = {
			isa = PBXGroup;
			children = (
				5A347D222723E193002BD16C /* TodoList */,
				5A347D4127257C08002BD16C /* TodoDetail */,
				5A347D50272728A1002BD16C /* TodoExplanation */,
			);
			path = Scenes;
			sourceTree = "<group>";
		};
		5A347D19272343D4002BD16C /* Resources */ = {
			isa = PBXGroup;
			children = (
				5A347D0A27234325002BD16C /* Assets.xcassets */,
			);
			path = Resources;
			sourceTree = "<group>";
		};
		5A347D1A272343EA002BD16C /* Supporting Files */ = {
			isa = PBXGroup;
			children = (
				5A347D0F27234325002BD16C /* Info.plist */,
				5A347D0C27234325002BD16C /* LaunchScreen.storyboard */,
				5A347D0727234324002BD16C /* TodoApp.xcdatamodeld */,
			);
			path = "Supporting Files";
			sourceTree = "<group>";
		};
		5A347D1B2723440C002BD16C /* Presentations */ = {
			isa = PBXGroup;
			children = (
				5A347D362723F9EC002BD16C /* Extensions */,
				5A347D322723F993002BD16C /* TodoPresentation.swift */,
				5A347D342723F9BC002BD16C /* TodoDetailPresentation.swift */,
				5A347D5B27272A7C002BD16C /* TodoExplanationPresentation.swift */,
			);
			path = Presentations;
			sourceTree = "<group>";
		};
		5A347D222723E193002BD16C /* TodoList */ = {
			isa = PBXGroup;
			children = (
				5A347D252723E38D002BD16C /* TodoList.storyboard */,
				5A347D232723E1D1002BD16C /* TodoListBuilder.swift */,
				5A347D272723E7EE002BD16C /* TodoListViewController.swift */,
				5A347D292723F4E4002BD16C /* TodoListContracts.swift */,
				5A347D2B2723F4FC002BD16C /* TodoListInteractor.swift */,
				5A347D2D2723F517002BD16C /* TodoListPresenter.swift */,
				5A347D2F2723F528002BD16C /* TodoListRouter.swift */,
				5AA653EF2731609B00D4BABF /* TodoCell.swift */,
			);
			path = TodoList;
			sourceTree = "<group>";
		};
		5A347D362723F9EC002BD16C /* Extensions */ = {
			isa = PBXGroup;
			children = (
			);
			path = Extensions;
			sourceTree = "<group>";
		};
		5A347D4127257C08002BD16C /* TodoDetail */ = {
			isa = PBXGroup;
			children = (
				5A347D4227258400002BD16C /* TodoDetail.storyboard */,
				5A347D442725841C002BD16C /* TodoDetailBuilder.swift */,
				5A347D462725847A002BD16C /* TodoDetailContracts.swift */,
				5A347D48272584A7002BD16C /* TodoDetailViewController.swift */,
				5A347D4A272584C9002BD16C /* TodoDetailViewModel.swift */,
				5A347D4C2726B4AE002BD16C /* TodoDetailCell.swift */,
			);
			path = TodoDetail;
			sourceTree = "<group>";
		};
		5A347D50272728A1002BD16C /* TodoExplanation */ = {
			isa = PBXGroup;
			children = (
				5A347D5127272921002BD16C /* TodoExplanation.storyboard */,
				5A347D532727293A002BD16C /* TodoExplanationBuilder.swift */,
				5A347D5527272962002BD16C /* TodoExplanationContracts.swift */,
				5A347D57272729A0002BD16C /* TodoExplanationViewController.swift */,
				5A347D59272729FF002BD16C /* TodoExplanationViewModel.swift */,
			);
			path = TodoExplanation;
			sourceTree = "<group>";
		};
		5A7FDEC1274001E1002573EB /* Images */ = {
			isa = PBXGroup;
			children = (
				5A7FDEC22740020C002573EB /* UIImageExtensions.swift */,
			);
			path = Images;
			sourceTree = "<group>";
		};
		5A7FDEC427400E07002573EB /* Enums */ = {
			isa = PBXGroup;
			children = (
				5A7FDEC527400E29002573EB /* UImageEnums.swift */,
				5A90EBF7274136C80066C7B2 /* StringEnums.swift */,
				5A9B46372746658E00EF39DA /* CoreDataEnums.swift */,
				5AD62EA4276F26DB0014BDF6 /* CommonEnums.swift */,
			);
			path = Enums;
			sourceTree = "<group>";
		};
		5A80E7E52735CBC1006C623B /* Constants */ = {
			isa = PBXGroup;
			children = (
				5A7FDEC427400E07002573EB /* Enums */,
				5A80E7E62735CBF4006C623B /* ColorPalette.swift */,
			);
			path = Constants;
			sourceTree = "<group>";
		};
		5A8CC732273FCABF002D746E /* ControllerExtensions */ = {
			isa = PBXGroup;
			children = (
				5A8CC733273FCAE5002D746E /* NavigationControllerExtensions.swift */,
			);
			path = ControllerExtensions;
			sourceTree = "<group>";
		};
		5A8D66232742A7AE00311423 /* CustomExtensions */ = {
			isa = PBXGroup;
			children = (
				5A8D66242742A80800311423 /* CustomExtensions.swift */,
			);
			path = CustomExtensions;
			sourceTree = "<group>";
		};
		5A951DA9273403FE001D587A /* Core */ = {
			isa = PBXGroup;
			children = (
				5AD7DE9427386957004CA8AC /* Init */,
				5A80E7E52735CBC1006C623B /* Constants */,
				5A951DAE27341231001D587A /* Extensions */,
				5A951DAA27340456001D587A /* CustomUIComponents */,
			);
			path = Core;
			sourceTree = "<group>";
		};
		5A951DAA27340456001D587A /* CustomUIComponents */ = {
			isa = PBXGroup;
			children = (
				5A9D2D41275A738C007E304E /* SnackBar */,
				5A7FDEC1274001E1002573EB /* Images */,
				5ADE98AF273D402A00FC8AE3 /* Buttons */,
				5A951DAB273405ED001D587A /* CustomAlertController */,
			);
			path = CustomUIComponents;
			sourceTree = "<group>";
		};
		5A951DAB273405ED001D587A /* CustomAlertController */ = {
			isa = PBXGroup;
			children = (
				5AA653F12731C71800D4BABF /* CustomAlertController.swift */,
				5A951DAC27340741001D587A /* BaseCustomAlertController.swift */,
			);
			path = CustomAlertController;
			sourceTree = "<group>";
		};
		5A951DAE27341231001D587A /* Extensions */ = {
			isa = PBXGroup;
			children = (
				5AB66FDF276A38BF00996CE4 /* UITextFieldExtensions */,
				5AE313D42766A6C300D0FADD /* ValidationExtension */,
				5A8D66232742A7AE00311423 /* CustomExtensions */,
				5A8CC732273FCABF002D746E /* ControllerExtensions */,
				5ADE98B3273D952A00FC8AE3 /* StringExtensions */,
				5A951DB227343907001D587A /* DateTimePickerExtensions */,
				5A951DAF27341241001D587A /* UIColorExtensions */,
			);
			path = Extensions;
			sourceTree = "<group>";
		};
		5A951DAF27341241001D587A /* UIColorExtensions */ = {
			isa = PBXGroup;
			children = (
				5A951DB027341258001D587A /* UIColorExtensions.swift */,
			);
			path = UIColorExtensions;
			sourceTree = "<group>";
		};
		5A951DB227343907001D587A /* DateTimePickerExtensions */ = {
			isa = PBXGroup;
			children = (
				5A951DB327343924001D587A /* DateExtensions.swift */,
			);
			path = DateTimePickerExtensions;
			sourceTree = "<group>";
		};
		5A9B46362746633E00EF39DA /* Services */ = {
			isa = PBXGroup;
			children = (
				5A347D3B27241953002BD16C /* CoreDataService.swift */,
				5A347D3D27242011002BD16C /* TodoListService.swift */,
				5A347D4E2726F21F002BD16C /* TodoDetailService.swift */,
			);
			path = Services;
			sourceTree = "<group>";
		};
		5A9D2D41275A738C007E304E /* SnackBar */ = {
			isa = PBXGroup;
			children = (
				5A9D2D42275A73AF007E304E /* SnackbarView.swift */,
				5A9D2D44275A73BD007E304E /* SnackbarViewModel.swift */,
			);
			path = SnackBar;
			sourceTree = "<group>";
		};
		5AB66FDF276A38BF00996CE4 /* UITextFieldExtensions */ = {
			isa = PBXGroup;
			children = (
				5AB66FE0276A38E800996CE4 /* UITextFieldExtensions.swift */,
			);
			path = UITextFieldExtensions;
			sourceTree = "<group>";
		};
		5ABA00002757E1B10008D7D5 /* Notification */ = {
			isa = PBXGroup;
			children = (
				5ABA00012757E1C00008D7D5 /* LocalNotification */,
			);
			path = Notification;
			sourceTree = "<group>";
		};
		5ABA00012757E1C00008D7D5 /* LocalNotification */ = {
			isa = PBXGroup;
			children = (
				5A5C742F2747DB0500AF4BA0 /* NotificationManager.swift */,
			);
			path = LocalNotification;
			sourceTree = "<group>";
		};
		5AD7DE9427386957004CA8AC /* Init */ = {
			isa = PBXGroup;
			children = (
				5ABA00002757E1B10008D7D5 /* Notification */,
				5ADE98B2273D94B500FC8AE3 /* Localization */,
				5AD7DE9527386968004CA8AC /* Theme */,
			);
			path = Init;
			sourceTree = "<group>";
		};
		5AD7DE9527386968004CA8AC /* Theme */ = {
			isa = PBXGroup;
			children = (
				5AD7DE9627387478004CA8AC /* Theme.swift */,
			);
			path = Theme;
			sourceTree = "<group>";
		};
		5ADE98AF273D402A00FC8AE3 /* Buttons */ = {
			isa = PBXGroup;
			children = (
				5ADE98B0273D406400FC8AE3 /* FloatingButton.swift */,
			);
			path = Buttons;
			sourceTree = "<group>";
		};
		5ADE98B2273D94B500FC8AE3 /* Localization */ = {
			isa = PBXGroup;
			children = (
			);
			path = Localization;
			sourceTree = "<group>";
		};
		5ADE98B3273D952A00FC8AE3 /* StringExtensions */ = {
			isa = PBXGroup;
			children = (
				5ADE98B4273D954B00FC8AE3 /* StringExtensions.swift */,
			);
			path = StringExtensions;
			sourceTree = "<group>";
		};
		5AE313D42766A6C300D0FADD /* ValidationExtension */ = {
			isa = PBXGroup;
			children = (
				5AE313D52766A6EC00D0FADD /* FormValidationExtension.swift */,
			);
			path = ValidationExtension;
			sourceTree = "<group>";
		};
/* End PBXGroup section */

/* Begin PBXNativeTarget section */
		5A347CFA27234324002BD16C /* TodoApp */ = {
			isa = PBXNativeTarget;
			buildConfigurationList = 5A347D1227234325002BD16C /* Build configuration list for PBXNativeTarget "TodoApp" */;
			buildPhases = (
				5A347CF727234324002BD16C /* Sources */,
				5A347CF827234324002BD16C /* Frameworks */,
				5A347CF927234324002BD16C /* Resources */,
			);
			buildRules = (
			);
			dependencies = (
			);
			name = TodoApp;
			packageProductDependencies = (
				5AD7DE922738670A004CA8AC /* RxTheme */,
				5A8078792743F1F200926A2A /* Lottie */,
			);
			productName = TodoApp;
			productReference = 5A347CFB27234324002BD16C /* TodoApp.app */;
			productType = "com.apple.product-type.application";
		};
/* End PBXNativeTarget section */

/* Begin PBXProject section */
		5A347CF327234324002BD16C /* Project object */ = {
			isa = PBXProject;
			attributes = {
				BuildIndependentTargetsInParallel = 1;
				LastSwiftUpdateCheck = 1300;
				LastUpgradeCheck = 1300;
				TargetAttributes = {
					5A347CFA27234324002BD16C = {
						CreatedOnToolsVersion = 13.0;
					};
				};
			};
			buildConfigurationList = 5A347CF627234324002BD16C /* Build configuration list for PBXProject "TodoApp" */;
			compatibilityVersion = "Xcode 13.0";
			developmentRegion = en;
			hasScannedForEncodings = 0;
			knownRegions = (
				en,
				Base,
				tr,
			);
			mainGroup = 5A347CF227234324002BD16C;
			packageReferences = (
				5AD7DE912738670A004CA8AC /* XCRemoteSwiftPackageReference "RxTheme" */,
				5A8078782743F1F200926A2A /* XCRemoteSwiftPackageReference "lottie-ios" */,
			);
			productRefGroup = 5A347CFC27234324002BD16C /* Products */;
			projectDirPath = "";
			projectRoot = "";
			targets = (
				5A347CFA27234324002BD16C /* TodoApp */,
			);
		};
/* End PBXProject section */

/* Begin PBXResourcesBuildPhase section */
		5A347CF927234324002BD16C /* Resources */ = {
			isa = PBXResourcesBuildPhase;
			buildActionMask = 2147483647;
			files = (
				5A347D0E27234325002BD16C /* LaunchScreen.storyboard in Resources */,
				5AB01AFB2760B28F00F5E2B8 /* todolist.png in Resources */,
				5AB66FE7276A781500996CE4 /* time.json in Resources */,
				5A8F295A273EF66C0033BABE /* Localizable.strings in Resources */,
				5A1D0874276A139D00F079BE /* study.json in Resources */,
				5A347D4327258400002BD16C /* TodoDetail.storyboard in Resources */,
				5A347D5227272921002BD16C /* TodoExplanation.storyboard in Resources */,
				5AB01AFF2760CF0C00F5E2B8 /* Assets.xcassets in Resources */,
				5A347D262723E38D002BD16C /* TodoList.storyboard in Resources */,
				5AB66FE3276A5CE000996CE4 /* clock.json in Resources */,
			);
			runOnlyForDeploymentPostprocessing = 0;
		};
/* End PBXResourcesBuildPhase section */

/* Begin PBXSourcesBuildPhase section */
		5A347CF727234324002BD16C /* Sources */ = {
			isa = PBXSourcesBuildPhase;
			buildActionMask = 2147483647;
			files = (
				5A347D332723F993002BD16C /* TodoPresentation.swift in Sources */,
				5ADE98B1273D406400FC8AE3 /* FloatingButton.swift in Sources */,
				5A347D282723E7EE002BD16C /* TodoListViewController.swift in Sources */,
				5AB66FE1276A38E800996CE4 /* UITextFieldExtensions.swift in Sources */,
				5A347D452725841C002BD16C /* TodoDetailBuilder.swift in Sources */,
				5A347D5A272729FF002BD16C /* TodoExplanationViewModel.swift in Sources */,
				5AA653F02731609B00D4BABF /* TodoCell.swift in Sources */,
				5A347D2A2723F4E4002BD16C /* TodoListContracts.swift in Sources */,
				5AD62EA5276F26DB0014BDF6 /* CommonEnums.swift in Sources */,
				5AA653F22731C71800D4BABF /* CustomAlertController.swift in Sources */,
				5A347D3C27241953002BD16C /* CoreDataService.swift in Sources */,
				5A347D3E27242011002BD16C /* TodoListService.swift in Sources */,
				5A951DB127341258001D587A /* UIColorExtensions.swift in Sources */,
				5AE313D62766A6EC00D0FADD /* FormValidationExtension.swift in Sources */,
				5A347CFF27234324002BD16C /* AppDelegate.swift in Sources */,
				5A347D0127234324002BD16C /* SceneDelegate.swift in Sources */,
				5A347D4D2726B4AE002BD16C /* TodoDetailCell.swift in Sources */,
				5A347D352723F9BC002BD16C /* TodoDetailPresentation.swift in Sources */,
				5A9D2D43275A73AF007E304E /* SnackbarView.swift in Sources */,
				5A347D472725847A002BD16C /* TodoDetailContracts.swift in Sources */,
				5A8D66252742A80800311423 /* CustomExtensions.swift in Sources */,
				5A90EBF8274136C80066C7B2 /* StringEnums.swift in Sources */,
				5A5C74302747DB0500AF4BA0 /* NotificationManager.swift in Sources */,
				5A7FDEC627400E29002573EB /* UImageEnums.swift in Sources */,
				5AD7DE9727387478004CA8AC /* Theme.swift in Sources */,
				5ADE98B5273D954B00FC8AE3 /* StringExtensions.swift in Sources */,
				5A347D2E2723F517002BD16C /* TodoListPresenter.swift in Sources */,
				5A347D302723F528002BD16C /* TodoListRouter.swift in Sources */,
				5A347D2127234486002BD16C /* AppRouter.swift in Sources */,
				5A951DAD27340741001D587A /* BaseCustomAlertController.swift in Sources */,
				5A9D2D45275A73BD007E304E /* SnackbarViewModel.swift in Sources */,
				5A347D58272729A0002BD16C /* TodoExplanationViewController.swift in Sources */,
				5A8CC734273FCAE5002D746E /* NavigationControllerExtensions.swift in Sources */,
				5A7FDEC32740020C002573EB /* UIImageExtensions.swift in Sources */,
				5A347D2C2723F4FC002BD16C /* TodoListInteractor.swift in Sources */,
				5A9B46382746658E00EF39DA /* CoreDataEnums.swift in Sources */,
				5A347D5627272962002BD16C /* TodoExplanationContracts.swift in Sources */,
				5A347D242723E1D1002BD16C /* TodoListBuilder.swift in Sources */,
				5A80E7E72735CBF4006C623B /* ColorPalette.swift in Sources */,
				5A347D0927234324002BD16C /* TodoApp.xcdatamodeld in Sources */,
				5A347D4B272584C9002BD16C /* TodoDetailViewModel.swift in Sources */,
				5A347D1F27234478002BD16C /* AppContainer.swift in Sources */,
				5A347D49272584A7002BD16C /* TodoDetailViewController.swift in Sources */,
				5A347D4F2726F21F002BD16C /* TodoDetailService.swift in Sources */,
				5A347D542727293A002BD16C /* TodoExplanationBuilder.swift in Sources */,
				5A951DB427343924001D587A /* DateExtensions.swift in Sources */,
				5A347D5C27272A7C002BD16C /* TodoExplanationPresentation.swift in Sources */,
			);
			runOnlyForDeploymentPostprocessing = 0;
		};
/* End PBXSourcesBuildPhase section */

/* Begin PBXVariantGroup section */
		5A347D0C27234325002BD16C /* LaunchScreen.storyboard */ = {
			isa = PBXVariantGroup;
			children = (
				5A347D0D27234325002BD16C /* Base */,
			);
			name = LaunchScreen.storyboard;
			sourceTree = "<group>";
		};
		5A8F295C273EF66C0033BABE /* Localizable.strings */ = {
			isa = PBXVariantGroup;
			children = (
				5A8F295B273EF66C0033BABE /* en */,
				5A8F295D273EF6920033BABE /* tr */,
			);
			name = Localizable.strings;
			sourceTree = "<group>";
		};
/* End PBXVariantGroup section */

/* Begin XCBuildConfiguration section */
		5A347D1027234325002BD16C /* Debug */ = {
			isa = XCBuildConfiguration;
			buildSettings = {
				ALWAYS_SEARCH_USER_PATHS = NO;
				CLANG_ANALYZER_LOCALIZABILITY_NONLOCALIZED = YES;
				CLANG_ANALYZER_NONNULL = YES;
				CLANG_ANALYZER_NUMBER_OBJECT_CONVERSION = YES_AGGRESSIVE;
				CLANG_CXX_LANGUAGE_STANDARD = "gnu++17";
				CLANG_CXX_LIBRARY = "libc++";
				CLANG_ENABLE_MODULES = YES;
				CLANG_ENABLE_OBJC_ARC = YES;
				CLANG_ENABLE_OBJC_WEAK = YES;
				CLANG_WARN_BLOCK_CAPTURE_AUTORELEASING = YES;
				CLANG_WARN_BOOL_CONVERSION = YES;
				CLANG_WARN_COMMA = YES;
				CLANG_WARN_CONSTANT_CONVERSION = YES;
				CLANG_WARN_DEPRECATED_OBJC_IMPLEMENTATIONS = YES;
				CLANG_WARN_DIRECT_OBJC_ISA_USAGE = YES_ERROR;
				CLANG_WARN_DOCUMENTATION_COMMENTS = YES;
				CLANG_WARN_EMPTY_BODY = YES;
				CLANG_WARN_ENUM_CONVERSION = YES;
				CLANG_WARN_INFINITE_RECURSION = YES;
				CLANG_WARN_INT_CONVERSION = YES;
				CLANG_WARN_NON_LITERAL_NULL_CONVERSION = YES;
				CLANG_WARN_OBJC_IMPLICIT_RETAIN_SELF = YES;
				CLANG_WARN_OBJC_LITERAL_CONVERSION = YES;
				CLANG_WARN_OBJC_ROOT_CLASS = YES_ERROR;
				CLANG_WARN_QUOTED_INCLUDE_IN_FRAMEWORK_HEADER = YES;
				CLANG_WARN_RANGE_LOOP_ANALYSIS = YES;
				CLANG_WARN_STRICT_PROTOTYPES = YES;
				CLANG_WARN_SUSPICIOUS_MOVE = YES;
				CLANG_WARN_UNGUARDED_AVAILABILITY = YES_AGGRESSIVE;
				CLANG_WARN_UNREACHABLE_CODE = YES;
				CLANG_WARN__DUPLICATE_METHOD_MATCH = YES;
				COPY_PHASE_STRIP = NO;
				DEBUG_INFORMATION_FORMAT = dwarf;
				ENABLE_STRICT_OBJC_MSGSEND = YES;
				ENABLE_TESTABILITY = YES;
				GCC_C_LANGUAGE_STANDARD = gnu11;
				GCC_DYNAMIC_NO_PIC = NO;
				GCC_NO_COMMON_BLOCKS = YES;
				GCC_OPTIMIZATION_LEVEL = 0;
				GCC_PREPROCESSOR_DEFINITIONS = (
					"DEBUG=1",
					"$(inherited)",
				);
				GCC_WARN_64_TO_32_BIT_CONVERSION = YES;
				GCC_WARN_ABOUT_RETURN_TYPE = YES_ERROR;
				GCC_WARN_UNDECLARED_SELECTOR = YES;
				GCC_WARN_UNINITIALIZED_AUTOS = YES_AGGRESSIVE;
				GCC_WARN_UNUSED_FUNCTION = YES;
				GCC_WARN_UNUSED_VARIABLE = YES;
				IPHONEOS_DEPLOYMENT_TARGET = 15.0;
				MTL_ENABLE_DEBUG_INFO = INCLUDE_SOURCE;
				MTL_FAST_MATH = YES;
				ONLY_ACTIVE_ARCH = YES;
				SDKROOT = iphoneos;
				SWIFT_ACTIVE_COMPILATION_CONDITIONS = DEBUG;
				SWIFT_OPTIMIZATION_LEVEL = "-Onone";
			};
			name = Debug;
		};
		5A347D1127234325002BD16C /* Release */ = {
			isa = XCBuildConfiguration;
			buildSettings = {
				ALWAYS_SEARCH_USER_PATHS = NO;
				CLANG_ANALYZER_LOCALIZABILITY_NONLOCALIZED = YES;
				CLANG_ANALYZER_NONNULL = YES;
				CLANG_ANALYZER_NUMBER_OBJECT_CONVERSION = YES_AGGRESSIVE;
				CLANG_CXX_LANGUAGE_STANDARD = "gnu++17";
				CLANG_CXX_LIBRARY = "libc++";
				CLANG_ENABLE_MODULES = YES;
				CLANG_ENABLE_OBJC_ARC = YES;
				CLANG_ENABLE_OBJC_WEAK = YES;
				CLANG_WARN_BLOCK_CAPTURE_AUTORELEASING = YES;
				CLANG_WARN_BOOL_CONVERSION = YES;
				CLANG_WARN_COMMA = YES;
				CLANG_WARN_CONSTANT_CONVERSION = YES;
				CLANG_WARN_DEPRECATED_OBJC_IMPLEMENTATIONS = YES;
				CLANG_WARN_DIRECT_OBJC_ISA_USAGE = YES_ERROR;
				CLANG_WARN_DOCUMENTATION_COMMENTS = YES;
				CLANG_WARN_EMPTY_BODY = YES;
				CLANG_WARN_ENUM_CONVERSION = YES;
				CLANG_WARN_INFINITE_RECURSION = YES;
				CLANG_WARN_INT_CONVERSION = YES;
				CLANG_WARN_NON_LITERAL_NULL_CONVERSION = YES;
				CLANG_WARN_OBJC_IMPLICIT_RETAIN_SELF = YES;
				CLANG_WARN_OBJC_LITERAL_CONVERSION = YES;
				CLANG_WARN_OBJC_ROOT_CLASS = YES_ERROR;
				CLANG_WARN_QUOTED_INCLUDE_IN_FRAMEWORK_HEADER = YES;
				CLANG_WARN_RANGE_LOOP_ANALYSIS = YES;
				CLANG_WARN_STRICT_PROTOTYPES = YES;
				CLANG_WARN_SUSPICIOUS_MOVE = YES;
				CLANG_WARN_UNGUARDED_AVAILABILITY = YES_AGGRESSIVE;
				CLANG_WARN_UNREACHABLE_CODE = YES;
				CLANG_WARN__DUPLICATE_METHOD_MATCH = YES;
				COPY_PHASE_STRIP = NO;
				DEBUG_INFORMATION_FORMAT = "dwarf-with-dsym";
				ENABLE_NS_ASSERTIONS = NO;
				ENABLE_STRICT_OBJC_MSGSEND = YES;
				GCC_C_LANGUAGE_STANDARD = gnu11;
				GCC_NO_COMMON_BLOCKS = YES;
				GCC_WARN_64_TO_32_BIT_CONVERSION = YES;
				GCC_WARN_ABOUT_RETURN_TYPE = YES_ERROR;
				GCC_WARN_UNDECLARED_SELECTOR = YES;
				GCC_WARN_UNINITIALIZED_AUTOS = YES_AGGRESSIVE;
				GCC_WARN_UNUSED_FUNCTION = YES;
				GCC_WARN_UNUSED_VARIABLE = YES;
				IPHONEOS_DEPLOYMENT_TARGET = 15.0;
				MTL_ENABLE_DEBUG_INFO = NO;
				MTL_FAST_MATH = YES;
				SDKROOT = iphoneos;
				SWIFT_COMPILATION_MODE = wholemodule;
				SWIFT_OPTIMIZATION_LEVEL = "-O";
				VALIDATE_PRODUCT = YES;
			};
			name = Release;
		};
		5A347D1327234325002BD16C /* Debug */ = {
			isa = XCBuildConfiguration;
			buildSettings = {
				ASSETCATALOG_COMPILER_APPICON_NAME = AppIcon;
				ASSETCATALOG_COMPILER_GLOBAL_ACCENT_COLOR_NAME = AccentColor;
				CODE_SIGN_STYLE = Automatic;
				CURRENT_PROJECT_VERSION = 1;
				GENERATE_INFOPLIST_FILE = YES;
				INFOPLIST_FILE = "TodoApp/Supporting Files/Info.plist";
				INFOPLIST_KEY_UIApplicationSupportsIndirectInputEvents = YES;
				INFOPLIST_KEY_UILaunchStoryboardName = LaunchScreen;
				INFOPLIST_KEY_UISupportedInterfaceOrientations = "";
				INFOPLIST_KEY_UISupportedInterfaceOrientations_iPad = "UIInterfaceOrientationPortrait UIInterfaceOrientationPortraitUpsideDown UIInterfaceOrientationLandscapeLeft UIInterfaceOrientationLandscapeRight";
				INFOPLIST_KEY_UISupportedInterfaceOrientations_iPhone = "UIInterfaceOrientationPortrait UIInterfaceOrientationLandscapeLeft UIInterfaceOrientationLandscapeRight";
				LD_RUNPATH_SEARCH_PATHS = (
					"$(inherited)",
					"@executable_path/Frameworks",
				);
				MARKETING_VERSION = 1.0;
				PRODUCT_BUNDLE_IDENTIFIER = com.alicanyilmaz.TodoApp;
				PRODUCT_NAME = "$(TARGET_NAME)";
				SWIFT_EMIT_LOC_STRINGS = YES;
				SWIFT_VERSION = 5.0;
				TARGETED_DEVICE_FAMILY = "1,2";
			};
			name = Debug;
		};
		5A347D1427234325002BD16C /* Release */ = {
			isa = XCBuildConfiguration;
			buildSettings = {
				ASSETCATALOG_COMPILER_APPICON_NAME = AppIcon;
				ASSETCATALOG_COMPILER_GLOBAL_ACCENT_COLOR_NAME = AccentColor;
				CODE_SIGN_STYLE = Automatic;
				CURRENT_PROJECT_VERSION = 1;
				GENERATE_INFOPLIST_FILE = YES;
				INFOPLIST_FILE = "TodoApp/Supporting Files/Info.plist";
				INFOPLIST_KEY_UIApplicationSupportsIndirectInputEvents = YES;
				INFOPLIST_KEY_UILaunchStoryboardName = LaunchScreen;
				INFOPLIST_KEY_UISupportedInterfaceOrientations = "";
				INFOPLIST_KEY_UISupportedInterfaceOrientations_iPad = "UIInterfaceOrientationPortrait UIInterfaceOrientationPortraitUpsideDown UIInterfaceOrientationLandscapeLeft UIInterfaceOrientationLandscapeRight";
				INFOPLIST_KEY_UISupportedInterfaceOrientations_iPhone = "UIInterfaceOrientationPortrait UIInterfaceOrientationLandscapeLeft UIInterfaceOrientationLandscapeRight";
				LD_RUNPATH_SEARCH_PATHS = (
					"$(inherited)",
					"@executable_path/Frameworks",
				);
				MARKETING_VERSION = 1.0;
				PRODUCT_BUNDLE_IDENTIFIER = com.alicanyilmaz.TodoApp;
				PRODUCT_NAME = "$(TARGET_NAME)";
				SWIFT_EMIT_LOC_STRINGS = YES;
				SWIFT_VERSION = 5.0;
				TARGETED_DEVICE_FAMILY = "1,2";
			};
			name = Release;
		};
/* End XCBuildConfiguration section */

/* Begin XCConfigurationList section */
		5A347CF627234324002BD16C /* Build configuration list for PBXProject "TodoApp" */ = {
			isa = XCConfigurationList;
			buildConfigurations = (
				5A347D1027234325002BD16C /* Debug */,
				5A347D1127234325002BD16C /* Release */,
			);
			defaultConfigurationIsVisible = 0;
			defaultConfigurationName = Release;
		};
		5A347D1227234325002BD16C /* Build configuration list for PBXNativeTarget "TodoApp" */ = {
			isa = XCConfigurationList;
			buildConfigurations = (
				5A347D1327234325002BD16C /* Debug */,
				5A347D1427234325002BD16C /* Release */,
			);
			defaultConfigurationIsVisible = 0;
			defaultConfigurationName = Release;
		};
/* End XCConfigurationList section */

/* Begin XCRemoteSwiftPackageReference section */
		5A8078782743F1F200926A2A /* XCRemoteSwiftPackageReference "lottie-ios" */ = {
			isa = XCRemoteSwiftPackageReference;
			repositoryURL = "https://github.com/airbnb/lottie-ios.git";
			requirement = {
				kind = upToNextMajorVersion;
				minimumVersion = 3.0.0;
			};
		};
		5AD7DE912738670A004CA8AC /* XCRemoteSwiftPackageReference "RxTheme" */ = {
			isa = XCRemoteSwiftPackageReference;
			repositoryURL = "https://github.com/RxSwiftCommunity/RxTheme";
			requirement = {
				branch = master;
				kind = branch;
			};
		};
/* End XCRemoteSwiftPackageReference section */

/* Begin XCSwiftPackageProductDependency section */
		5A8078792743F1F200926A2A /* Lottie */ = {
			isa = XCSwiftPackageProductDependency;
			package = 5A8078782743F1F200926A2A /* XCRemoteSwiftPackageReference "lottie-ios" */;
			productName = Lottie;
		};
		5AD7DE922738670A004CA8AC /* RxTheme */ = {
			isa = XCSwiftPackageProductDependency;
			package = 5AD7DE912738670A004CA8AC /* XCRemoteSwiftPackageReference "RxTheme" */;
			productName = RxTheme;
		};
/* End XCSwiftPackageProductDependency section */

/* Begin XCVersionGroup section */
		5A347D0727234324002BD16C /* TodoApp.xcdatamodeld */ = {
			isa = XCVersionGroup;
			children = (
				5A347D0827234324002BD16C /* TodoApp.xcdatamodel */,
			);
			currentVersion = 5A347D0827234324002BD16C /* TodoApp.xcdatamodel */;
			path = TodoApp.xcdatamodeld;
			sourceTree = "<group>";
			versionGroupType = wrapper.xcdatamodel;
		};
/* End XCVersionGroup section */
	};
	rootObject = 5A347CF327234324002BD16C /* Project object */;
}
